
Microsoft Visual Studio Solution File, Format Version 12.00
# Visual Studio Version 17
VisualStudioVersion = 17.0.31903.59
MinimumVisualStudioVersion = 10.0.40219.1
Project("{2150E333-8FDC-42A3-9474-1A3956D46DE8}") = "src", "src", "{D6C2BE0F-7CAD-4F90-A98C-8D8C4322B215}"
EndProject
Project("{9A19103F-16F7-4668-BE54-9A1E7A4F7556}") = "Store", "src\Store\Store.csproj", "{83F59C4C-5E0F-48F6-BCD9-DC393E7AB5CA}"
EndProject
Project("{9A19103F-16F7-4668-BE54-9A1E7A4F7556}") = "Store.Migrations", "src\Store.Migrations\Store.Migrations.csproj", "{A38DEF3F-6501-4DDF-BB71-30408BD8E926}"
EndProject
Project("{2150E333-8FDC-42A3-9474-1A3956D46DE8}") = "Элементы решения", "Элементы решения", "{CEA5C374-336B-459E-9E28-A703390A69A4}"
	ProjectSection(SolutionItems) = preProject
		Directory.Build.props = Directory.Build.props
		Directory.Packages.props = Directory.Packages.props
	EndProjectSection
EndProject
Project("{9A19103F-16F7-4668-BE54-9A1E7A4F7556}") = "Repositories", "src\Repositories\Repositories.csproj", "{12E47776-CD20-4A76-A0C3-D0B0CB7B6BBA}"
EndProject
Project("{9A19103F-16F7-4668-BE54-9A1E7A4F7556}") = "Business", "src\Business\Business.csproj", "{42D75324-7133-4038-AFB7-B40D5B4A3571}"
EndProject
Project("{9A19103F-16F7-4668-BE54-9A1E7A4F7556}") = "Web.Contracts", "src\Web.Contracts\Web.Contracts.csproj", "{6E144F05-2EA9-4E91-BE98-B339A3C6AF34}"
EndProject
Project("{2150E333-8FDC-42A3-9474-1A3956D46DE8}") = "tests", "tests", "{80F57D0A-28A1-4269-9070-021D604706F6}"
EndProject
Project("{9A19103F-16F7-4668-BE54-9A1E7A4F7556}") = "UnitTests", "tests\UnitTests\UnitTests.csproj", "{1BB00469-6E2A-4ED6-815E-E8EE00883E62}"
EndProject
Project("{9A19103F-16F7-4668-BE54-9A1E7A4F7556}") = "Web.Api", "src\Web.Api\Web.Api.csproj", "{2CF81A42-8A1B-475B-AFFE-7377BEAA4E8E}"
EndProject
Global
	GlobalSection(SolutionConfigurationPlatforms) = preSolution
		Debug|Any CPU = Debug|Any CPU
		Release|Any CPU = Release|Any CPU
	EndGlobalSection
	GlobalSection(ProjectConfigurationPlatforms) = postSolution
		{83F59C4C-5E0F-48F6-BCD9-DC393E7AB5CA}.Debug|Any CPU.ActiveCfg = Debug|Any CPU
		{83F59C4C-5E0F-48F6-BCD9-DC393E7AB5CA}.Debug|Any CPU.Build.0 = Debug|Any CPU
		{83F59C4C-5E0F-48F6-BCD9-DC393E7AB5CA}.Release|Any CPU.ActiveCfg = Release|Any CPU
		{83F59C4C-5E0F-48F6-BCD9-DC393E7AB5CA}.Release|Any CPU.Build.0 = Release|Any CPU
		{A38DEF3F-6501-4DDF-BB71-30408BD8E926}.Debug|Any CPU.ActiveCfg = Debug|Any CPU
		{A38DEF3F-6501-4DDF-BB71-30408BD8E926}.Debug|Any CPU.Build.0 = Debug|Any CPU
		{A38DEF3F-6501-4DDF-BB71-30408BD8E926}.Release|Any CPU.ActiveCfg = Release|Any CPU
		{A38DEF3F-6501-4DDF-BB71-30408BD8E926}.Release|Any CPU.Build.0 = Release|Any CPU
		{12E47776-CD20-4A76-A0C3-D0B0CB7B6BBA}.Debug|Any CPU.ActiveCfg = Debug|Any CPU
		{12E47776-CD20-4A76-A0C3-D0B0CB7B6BBA}.Debug|Any CPU.Build.0 = Debug|Any CPU
		{12E47776-CD20-4A76-A0C3-D0B0CB7B6BBA}.Release|Any CPU.ActiveCfg = Release|Any CPU
		{12E47776-CD20-4A76-A0C3-D0B0CB7B6BBA}.Release|Any CPU.Build.0 = Release|Any CPU
		{42D75324-7133-4038-AFB7-B40D5B4A3571}.Debug|Any CPU.ActiveCfg = Debug|Any CPU
		{42D75324-7133-4038-AFB7-B40D5B4A3571}.Debug|Any CPU.Build.0 = Debug|Any CPU
		{42D75324-7133-4038-AFB7-B40D5B4A3571}.Release|Any CPU.ActiveCfg = Release|Any CPU
		{42D75324-7133-4038-AFB7-B40D5B4A3571}.Release|Any CPU.Build.0 = Release|Any CPU
		{6E144F05-2EA9-4E91-BE98-B339A3C6AF34}.Debug|Any CPU.ActiveCfg = Debug|Any CPU
		{6E144F05-2EA9-4E91-BE98-B339A3C6AF34}.Debug|Any CPU.Build.0 = Debug|Any CPU
		{6E144F05-2EA9-4E91-BE98-B339A3C6AF34}.Release|Any CPU.ActiveCfg = Release|Any CPU
		{6E144F05-2EA9-4E91-BE98-B339A3C6AF34}.Release|Any CPU.Build.0 = Release|Any CPU
		{1BB00469-6E2A-4ED6-815E-E8EE00883E62}.Debug|Any CPU.ActiveCfg = Debug|Any CPU
		{1BB00469-6E2A-4ED6-815E-E8EE00883E62}.Debug|Any CPU.Build.0 = Debug|Any CPU
		{1BB00469-6E2A-4ED6-815E-E8EE00883E62}.Release|Any CPU.ActiveCfg = Release|Any CPU
		{1BB00469-6E2A-4ED6-815E-E8EE00883E62}.Release|Any CPU.Build.0 = Release|Any CPU
		{2CF81A42-8A1B-475B-AFFE-7377BEAA4E8E}.Debug|Any CPU.ActiveCfg = Debug|Any CPU
		{2CF81A42-8A1B-475B-AFFE-7377BEAA4E8E}.Debug|Any CPU.Build.0 = Debug|Any CPU
		{2CF81A42-8A1B-475B-AFFE-7377BEAA4E8E}.Release|Any CPU.ActiveCfg = Release|Any CPU
		{2CF81A42-8A1B-475B-AFFE-7377BEAA4E8E}.Release|Any CPU.Build.0 = Release|Any CPU
	EndGlobalSection
	GlobalSection(SolutionProperties) = preSolution
		HideSolutionNode = FALSE
	EndGlobalSection
	GlobalSection(NestedProjects) = preSolution
		{83F59C4C-5E0F-48F6-BCD9-DC393E7AB5CA} = {D6C2BE0F-7CAD-4F90-A98C-8D8C4322B215}
		{A38DEF3F-6501-4DDF-BB71-30408BD8E926} = {D6C2BE0F-7CAD-4F90-A98C-8D8C4322B215}
		{12E47776-CD20-4A76-A0C3-D0B0CB7B6BBA} = {D6C2BE0F-7CAD-4F90-A98C-8D8C4322B215}
		{42D75324-7133-4038-AFB7-B40D5B4A3571} = {D6C2BE0F-7CAD-4F90-A98C-8D8C4322B215}
		{6E144F05-2EA9-4E91-BE98-B339A3C6AF34} = {D6C2BE0F-7CAD-4F90-A98C-8D8C4322B215}
		{1BB00469-6E2A-4ED6-815E-E8EE00883E62} = {80F57D0A-28A1-4269-9070-021D604706F6}
		{2CF81A42-8A1B-475B-AFFE-7377BEAA4E8E} = {D6C2BE0F-7CAD-4F90-A98C-8D8C4322B215}
	EndGlobalSection
	GlobalSection(ExtensibilityGlobals) = postSolution
		SolutionGuid = {4319DFA8-BD48-4534-9D56-20870C76DCE1}
	EndGlobalSection
EndGlobal
