
Microsoft Visual Studio Solution File, Format Version 12.00
# Visual Studio Version 17
VisualStudioVersion = 17.0.31903.59
MinimumVisualStudioVersion = 10.0.40219.1
Project("{2150E333-8FDC-42A3-9474-1A3956D46DE8}") = "src", "src", "{D6C2BE0F-7CAD-4F90-A98C-8D8C4322B215}"
EndProject
Project("{2150E333-8FDC-42A3-9474-1A3956D46DE8}") = "tests", "tests", "{8A53F2AC-DADF-4104-8251-15887784B4C6}"
EndProject
Project("{FAE04EC0-301F-11D3-BF4B-00C04F79EFBC}") = "Store", "src\Store\Store.csproj", "{83F59C4C-5E0F-48F6-BCD9-DC393E7AB5CA}"
EndProject
Project("{FAE04EC0-301F-11D3-BF4B-00C04F79EFBC}") = "Store.Migrations", "src\Store.Migrations\Store.Migrations.csproj", "{A38DEF3F-6501-4DDF-BB71-30408BD8E926}"
EndProject
Global
	GlobalSection(SolutionConfigurationPlatforms) = preSolution
		Debug|Any CPU = Debug|Any CPU
		Release|Any CPU = Release|Any CPU
	EndGlobalSection
	GlobalSection(SolutionProperties) = preSolution
		HideSolutionNode = FALSE
	EndGlobalSection
	GlobalSection(NestedProjects) = preSolution
		{83F59C4C-5E0F-48F6-BCD9-DC393E7AB5CA} = {D6C2BE0F-7CAD-4F90-A98C-8D8C4322B215}
		{A38DEF3F-6501-4DDF-BB71-30408BD8E926} = {D6C2BE0F-7CAD-4F90-A98C-8D8C4322B215}
	EndGlobalSection
	GlobalSection(ProjectConfigurationPlatforms) = postSolution
		{83F59C4C-5E0F-48F6-BCD9-DC393E7AB5CA}.Debug|Any CPU.ActiveCfg = Debug|Any CPU
		{83F59C4C-5E0F-48F6-BCD9-DC393E7AB5CA}.Debug|Any CPU.Build.0 = Debug|Any CPU
		{83F59C4C-5E0F-48F6-BCD9-DC393E7AB5CA}.Release|Any CPU.ActiveCfg = Release|Any CPU
		{83F59C4C-5E0F-48F6-BCD9-DC393E7AB5CA}.Release|Any CPU.Build.0 = Release|Any CPU
		{A38DEF3F-6501-4DDF-BB71-30408BD8E926}.Debug|Any CPU.ActiveCfg = Debug|Any CPU
		{A38DEF3F-6501-4DDF-BB71-30408BD8E926}.Debug|Any CPU.Build.0 = Debug|Any CPU
		{A38DEF3F-6501-4DDF-BB71-30408BD8E926}.Release|Any CPU.ActiveCfg = Release|Any CPU
		{A38DEF3F-6501-4DDF-BB71-30408BD8E926}.Release|Any CPU.Build.0 = Release|Any CPU
	EndGlobalSection
EndGlobal
